
Microsoft Visual Studio Solution File, Format Version 12.00
# Visual Studio Version 16
VisualStudioVersion = 16.0.30309.148
MinimumVisualStudioVersion = 10.0.40219.1
Project("{FAE04EC0-301F-11D3-BF4B-00C04F79EFBC}") = "Example1", "Example1\Example1.csproj", "{99200B66-EA1C-4B42-AAB0-5D4995FE634C}"
EndProject
Global
	GlobalSection(SolutionConfigurationPlatforms) = preSolution
		Debug|Any CPU = Debug|Any CPU
		Release|Any CPU = Release|Any CPU
	EndGlobalSection
	GlobalSection(ProjectConfigurationPlatforms) = postSolution
		{99200B66-EA1C-4B42-AAB0-5D4995FE634C}.Debug|Any CPU.ActiveCfg = Debug|Any CPU
		{99200B66-EA1C-4B42-AAB0-5D4995FE634C}.Debug|Any CPU.Build.0 = Debug|Any CPU
		{99200B66-EA1C-4B42-AAB0-5D4995FE634C}.Release|Any CPU.ActiveCfg = Release|Any CPU
		{99200B66-EA1C-4B42-AAB0-5D4995FE634C}.Release|Any CPU.Build.0 = Release|Any CPU
	EndGlobalSection
	GlobalSection(SolutionProperties) = preSolution
		HideSolutionNode = FALSE
	EndGlobalSection
	GlobalSection(ExtensibilityGlobals) = postSolution
		SolutionGuid = {D0CAB901-7239-4CAB-AEAF-29FCB1192A2F}
	EndGlobalSection
EndGlobal
